{
  "version": "5",
  "specifiers": {
    "jsr:@david/code-block-writer@^13.0.3": "13.0.3",
    "jsr:@deno/dnt@0.43.2": "0.43.2",
    "jsr:@std/assert@1": "1.0.19",
    "jsr:@std/fmt@1": "1.0.9",
    "jsr:@std/fs@1": "1.0.23",
    "jsr:@std/internal@^1.0.12": "1.0.12",
    "jsr:@std/path@1": "1.1.4",
    "jsr:@std/path@^1.1.4": "1.1.4",
    "jsr:@ts-morph/bootstrap@0.29": "0.29.0",
    "jsr:@ts-morph/common@0.29": "0.29.0",
    "npm:@cfworker/json-schema@^4.1.1": "4.1.1",
    "npm:@onamea/types@0.4": "0.4.0"
  },
  "jsr": {
    "@david/code-block-writer@13.0.3": {
      "integrity": "f98c77d320f5957899a61bfb7a9bead7c6d83ad1515daee92dbacc861e13bb7f"
    },
    "@deno/dnt@0.43.2": {
      "integrity": "8068703a782f389d9fcb4ead32809ca666d3b088262a23f1d9016cbc9af5d37f",
      "dependencies": [
        "jsr:@david/code-block-writer",
        "jsr:@std/fmt",
        "jsr:@std/fs",
        "jsr:@std/path@1",
        "jsr:@ts-morph/bootstrap"
      ]
    },
    "@std/assert@1.0.19": {
      "integrity": "eaada96ee120cb980bc47e040f82814d786fe8162ecc53c91d8df60b8755991e",
      "dependencies": [
        "jsr:@std/internal"
      ]
    },
    "@std/fmt@1.0.9": {
      "integrity": "2487343e8899fb2be5d0e3d35013e54477ada198854e52dd05ed0422eddcabe0"
    },
    "@std/fs@1.0.23": {
      "integrity": "3ecbae4ce4fee03b180fa710caff36bb5adb66631c46a6460aaad49515565a37",
      "dependencies": [
        "jsr:@std/internal",
        "jsr:@std/path@^1.1.4"
      ]
    },
    "@std/internal@1.0.12": {
      "integrity": "972a634fd5bc34b242024402972cd5143eac68d8dffaca5eaa4dba30ce17b027"
    },
    "@std/path@1.1.4": {
      "integrity": "1d2d43f39efb1b42f0b1882a25486647cb851481862dc7313390b2bb044314b5",
      "dependencies": [
        "jsr:@std/internal"
      ]
    },
    "@ts-morph/bootstrap@0.29.0": {
      "integrity": "69f9b1b42b03423308a9f623f924174181ef20f6f2a8771799f216f561b9b7a6",
      "dependencies": [
        "jsr:@ts-morph/common"
      ]
    },
    "@ts-morph/common@0.29.0": {
      "integrity": "14e8f44c5e4297628cf756aed071787dc026c493e36c1cc29ce49dc95e493f8f",
      "dependencies": [
        "jsr:@std/fs",
        "jsr:@std/path@1"
      ]
    }
  },
  "npm": {
    "@cfworker/json-schema@4.1.1": {
      "integrity": "sha512-gAmrUZSGtKc3AiBL71iNWxDsyUC5uMaKKGdvzYsBoTW/xi42JQHl7eKV2OYzCUqvc+D2RCcf7EXY2iCyFIk6og=="
    },
    "@onamea/types@0.4.0": {
      "integrity": "sha512-k2BAccko+vSgTrkOSLcO+JUMLbl1wr0AqSKaoIu/C5DnW/fQFCxOEjtPump8qkMWOc6c6WCyFIj8DtKf2jrkbw=="
    }
  },
  "remote": {
    "https://deno.land/x/denoflate@1.2.1/mod.ts": "f5628e44b80b3d80ed525afa2ba0f12408e3849db817d47a883b801f9ce69dd6",
    "https://deno.land/x/denoflate@1.2.1/pkg/denoflate.js": "b9f9ad9457d3f12f28b1fb35c555f57443427f74decb403113d67364e4f2caf4",
    "https://deno.land/x/denoflate@1.2.1/pkg/denoflate_bg.wasm.js": "d581956245407a2115a3d7e8d85a9641c032940a8e810acbd59ca86afd34d44d",
    "https://deno.land/x/esbuild@v0.27.4/mod.js": "be3e4588051fa0a5b30ada9205ac42155e6c72c1abca04b1293036e7a0a084be"
  },
  "workspace": {
    "dependencies": [
      "jsr:@std/assert@1",
      "npm:@cfworker/json-schema@^4.1.1",
      "npm:@onamea/types@0.4"
    ]
  }
}
